PODS:
  - StripeCore (23.21.1)
  - StripePayments (23.21.1):
    - StripeCore (= 23.21.1)
    - StripePayments/Stripe3DS2 (= 23.21.1)
  - StripePayments/Stripe3DS2 (23.21.1):
    - StripeCore (= 23.21.1)
  - StripePaymentsUI (23.21.1):
    - StripeCore (= 23.21.1)
    - StripePayments (= 23.21.1)
    - StripeUICore (= 23.21.1)
  - StripeUICore (23.21.1):
    - StripeCore (= 23.21.1)

DEPENDENCIES:
  - StripePaymentsUI (= 23.21.1)

SPEC REPOS:
  trunk:
    - StripeCore
    - StripePayments
    - StripePaymentsUI
    - StripeUICore

SPEC CHECKSUMS:
  StripeCore: 2ad2bf779ed5b34c1af0800d8304222d3a98440f
  StripePayments: 9961532054e6d4176f54d681cab876cefe60de14
  StripePaymentsUI: 1f8addf41697d0f298fd8a15e4edf3999fbc66bc
  StripeUICore: 95c5235db01a2d90b5bb72c85a804eaed4e64f17

PODFILE CHECKSUM: f539daf3e8df808e0a1d6915d5ae5eb219af3191

COCOAPODS: 1.15.0
